
Microsoft Visual Studio Solution File, Format Version 12.00
# Visual Studio Version 16
VisualStudioVersion = 16.0.29102.190
MinimumVisualStudioVersion = 10.0.40219.1
Project("{FAE04EC0-301F-11D3-BF4B-00C04F79EFBC}") = "AdvancedDataStructures", "AdvancedDataStructures\AdvancedDataStructures.csproj", "{CEFE1501-F74F-41C2-92F4-BFEB5DF327E2}"
EndProject
Project("{2150E333-8FDC-42A3-9474-1A3956D46DE8}") = "Tests", "Tests", "{2F9FED7C-8271-4E79-9DCB-844DB7CAA73B}"
EndProject
Project("{FAE04EC0-301F-11D3-BF4B-00C04F79EFBC}") = "HeapTests", "HeapTests\HeapTests.csproj", "{0BD0BD5C-F12C-4AA0-B8FB-C4D3805F2A90}"
EndProject
Global
	GlobalSection(SolutionConfigurationPlatforms) = preSolution
		Debug|Any CPU = Debug|Any CPU
		Release|Any CPU = Release|Any CPU
	EndGlobalSection
	GlobalSection(ProjectConfigurationPlatforms) = postSolution
		{CEFE1501-F74F-41C2-92F4-BFEB5DF327E2}.Debug|Any CPU.ActiveCfg = Debug|Any CPU
		{CEFE1501-F74F-41C2-92F4-BFEB5DF327E2}.Debug|Any CPU.Build.0 = Debug|Any CPU
		{CEFE1501-F74F-41C2-92F4-BFEB5DF327E2}.Release|Any CPU.ActiveCfg = Release|Any CPU
		{CEFE1501-F74F-41C2-92F4-BFEB5DF327E2}.Release|Any CPU.Build.0 = Release|Any CPU
		{0BD0BD5C-F12C-4AA0-B8FB-C4D3805F2A90}.Debug|Any CPU.ActiveCfg = Debug|Any CPU
		{0BD0BD5C-F12C-4AA0-B8FB-C4D3805F2A90}.Debug|Any CPU.Build.0 = Debug|Any CPU
		{0BD0BD5C-F12C-4AA0-B8FB-C4D3805F2A90}.Release|Any CPU.ActiveCfg = Release|Any CPU
		{0BD0BD5C-F12C-4AA0-B8FB-C4D3805F2A90}.Release|Any CPU.Build.0 = Release|Any CPU
	EndGlobalSection
	GlobalSection(SolutionProperties) = preSolution
		HideSolutionNode = FALSE
	EndGlobalSection
	GlobalSection(NestedProjects) = preSolution
		{0BD0BD5C-F12C-4AA0-B8FB-C4D3805F2A90} = {2F9FED7C-8271-4E79-9DCB-844DB7CAA73B}
	EndGlobalSection
	GlobalSection(ExtensibilityGlobals) = postSolution
		SolutionGuid = {C78BF75B-1DA9-4A03-B1D4-A7293096EBAB}
	EndGlobalSection
EndGlobal
